// !$*UTF8*$!
{
	archiveVersion = 1;
	classes = {
	};
	objectVersion = 50;
	objects = {

/* Begin PBXBuildFile section */
		1AB880B22434347B00B916DE /* AppDelegate.swift in Sources */ = {isa = PBXBuildFile; fileRef = 1AB880B12434347B00B916DE /* AppDelegate.swift */; };
		1AB880B42434347B00B916DE /* SceneDelegate.swift in Sources */ = {isa = PBXBuildFile; fileRef = 1AB880B32434347B00B916DE /* SceneDelegate.swift */; };
		1AB880B62434347B00B916DE /* ViewController.swift in Sources */ = {isa = PBXBuildFile; fileRef = 1AB880B52434347B00B916DE /* ViewController.swift */; };
		1AB880B92434347B00B916DE /* Main.storyboard in Resources */ = {isa = PBXBuildFile; fileRef = 1AB880B72434347B00B916DE /* Main.storyboard */; };
		1AB880BB2434347D00B916DE /* Assets.xcassets in Resources */ = {isa = PBXBuildFile; fileRef = 1AB880BA2434347D00B916DE /* Assets.xcassets */; };
		1AB880BE2434347D00B916DE /* LaunchScreen.storyboard in Resources */ = {isa = PBXBuildFile; fileRef = 1AB880BC2434347D00B916DE /* LaunchScreen.storyboard */; };
		1AB880C92434347D00B916DE /* testUIPointerTests.swift in Sources */ = {isa = PBXBuildFile; fileRef = 1AB880C82434347D00B916DE /* testUIPointerTests.swift */; };
		1AB880D42434347E00B916DE /* testUIPointerUITests.swift in Sources */ = {isa = PBXBuildFile; fileRef = 1AB880D32434347E00B916DE /* testUIPointerUITests.swift */; };
/* End PBXBuildFile section */

/* Begin PBXContainerItemProxy section */
		1AB880C52434347D00B916DE /* PBXContainerItemProxy */ = {
			isa = PBXContainerItemProxy;
			containerPortal = 1AB880A62434347B00B916DE /* Project object */;
			proxyType = 1;
			remoteGlobalIDString = 1AB880AD2434347B00B916DE;
			remoteInfo = testUIPointer;
		};
		1AB880D02434347E00B916DE /* PBXContainerItemProxy */ = {
			isa = PBXContainerItemProxy;
			containerPortal = 1AB880A62434347B00B916DE /* Project object */;
			proxyType = 1;
			remoteGlobalIDString = 1AB880AD2434347B00B916DE;
			remoteInfo = testUIPointer;
		};
/* End PBXContainerItemProxy section */

/* Begin PBXFileReference section */
		1A9470BF2435D95700E72EB0 /* testUIPointer.entitlements */ = {isa = PBXFileReference; lastKnownFileType = text.plist.entitlements; path = testUIPointer.entitlements; sourceTree = "<group>"; };
		1AB880AE2434347B00B916DE /* testUIPointer.app */ = {isa = PBXFileReference; explicitFileType = wrapper.application; includeInIndex = 0; path = testUIPointer.app; sourceTree = BUILT_PRODUCTS_DIR; };
		1AB880B12434347B00B916DE /* AppDelegate.swift */ = {isa = PBXFileReference; lastKnownFileType = sourcecode.swift; path = AppDelegate.swift; sourceTree = "<group>"; };
		1AB880B32434347B00B916DE /* SceneDelegate.swift */ = {isa = PBXFileReference; lastKnownFileType = sourcecode.swift; path = SceneDelegate.swift; sourceTree = "<group>"; };
		1AB880B52434347B00B916DE /* ViewController.swift */ = {isa = PBXFileReference; lastKnownFileType = sourcecode.swift; path = ViewController.swift; sourceTree = "<group>"; };
		1AB880B82434347B00B916DE /* Base */ = {isa = PBXFileReference; lastKnownFileType = file.storyboard; name = Base; path = Base.lproj/Main.storyboard; sourceTree = "<group>"; };
		1AB880BA2434347D00B916DE /* Assets.xcassets */ = {isa = PBXFileReference; lastKnownFileType = folder.assetcatalog; path = Assets.xcassets; sourceTree = "<group>"; };
		1AB880BD2434347D00B916DE /* Base */ = {isa = PBXFileReference; lastKnownFileType = file.storyboard; name = Base; path = Base.lproj/LaunchScreen.storyboard; sourceTree = "<group>"; };
		1AB880BF2434347D00B916DE /* Info.plist */ = {isa = PBXFileReference; lastKnownFileType = text.plist.xml; path = Info.plist; sourceTree = "<group>"; };
		1AB880C42434347D00B916DE /* testUIPointerTests.xctest */ = {isa = PBXFileReference; explicitFileType = wrapper.cfbundle; includeInIndex = 0; path = testUIPointerTests.xctest; sourceTree = BUILT_PRODUCTS_DIR; };
		1AB880C82434347D00B916DE /* testUIPointerTests.swift */ = {isa = PBXFileReference; lastKnownFileType = sourcecode.swift; path = testUIPointerTests.swift; sourceTree = "<group>"; };
		1AB880CA2434347D00B916DE /* Info.plist */ = {isa = PBXFileReference; lastKnownFileType = text.plist.xml; path = Info.plist; sourceTree = "<group>"; };
		1AB880CF2434347E00B916DE /* testUIPointerUITests.xctest */ = {isa = PBXFileReference; explicitFileType = wrapper.cfbundle; includeInIndex = 0; path = testUIPointerUITests.xctest; sourceTree = BUILT_PRODUCTS_DIR; };
		1AB880D32434347E00B916DE /* testUIPointerUITests.swift */ = {isa = PBXFileReference; lastKnownFileType = sourcecode.swift; path = testUIPointerUITests.swift; sourceTree = "<group>"; };
		1AB880D52434347E00B916DE /* Info.plist */ = {isa = PBXFileReference; lastKnownFileType = text.plist.xml; path = Info.plist; sourceTree = "<group>"; };
/* End PBXFileReference section */

/* Begin PBXFrameworksBuildPhase section */
		1AB880AB2434347B00B916DE /* Frameworks */ = {
			isa = PBXFrameworksBuildPhase;
			buildActionMask = 2147483647;
			files = (
			);
			runOnlyForDeploymentPostprocessing = 0;
		};
		1AB880C12434347D00B916DE /* Frameworks */ = {
			isa = PBXFrameworksBuildPhase;
			buildActionMask = 2147483647;
			files = (
			);
			runOnlyForDeploymentPostprocessing = 0;
		};
		1AB880CC2434347E00B916DE /* Frameworks */ = {
			isa = PBXFrameworksBuildPhase;
			buildActionMask = 2147483647;
			files = (
			);
			runOnlyForDeploymentPostprocessing = 0;
		};
/* End PBXFrameworksBuildPhase section */

/* Begin PBXGroup section */
		1AB880A52434347B00B916DE = {
			isa = PBXGroup;
			children = (
				1AB880B02434347B00B916DE /* testUIPointer */,
				1AB880C72434347D00B916DE /* testUIPointerTests */,
				1AB880D22434347E00B916DE /* testUIPointerUITests */,
				1AB880AF2434347B00B916DE /* Products */,
			);
			sourceTree = "<group>";
		};
		1AB880AF2434347B00B916DE /* Products */ = {
			isa = PBXGroup;
			children = (
				1AB880AE2434347B00B916DE /* testUIPointer.app */,
				1AB880C42434347D00B916DE /* testUIPointerTests.xctest */,
				1AB880CF2434347E00B916DE /* testUIPointerUITests.xctest */,
			);
			name = Products;
			sourceTree = "<group>";
		};
		1AB880B02434347B00B916DE /* testUIPointer */ = {
			isa = PBXGroup;
			children = (
				1A9470BF2435D95700E72EB0 /* testUIPointer.entitlements */,
				1AB880B12434347B00B916DE /* AppDelegate.swift */,
				1AB880B32434347B00B916DE /* SceneDelegate.swift */,
				1AB880B52434347B00B916DE /* ViewController.swift */,
				1AB880B72434347B00B916DE /* Main.storyboard */,
				1AB880BA2434347D00B916DE /* Assets.xcassets */,
				1AB880BC2434347D00B916DE /* LaunchScreen.storyboard */,
				1AB880BF2434347D00B916DE /* Info.plist */,
			);
			path = testUIPointer;
			sourceTree = "<group>";
		};
		1AB880C72434347D00B916DE /* testUIPointerTests */ = {
			isa = PBXGroup;
			children = (
				1AB880C82434347D00B916DE /* testUIPointerTests.swift */,
				1AB880CA2434347D00B916DE /* Info.plist */,
			);
			path = testUIPointerTests;
			sourceTree = "<group>";
		};
		1AB880D22434347E00B916DE /* testUIPointerUITests */ = {
			isa = PBXGroup;
			children = (
				1AB880D32434347E00B916DE /* testUIPointerUITests.swift */,
				1AB880D52434347E00B916DE /* Info.plist */,
			);
			path = testUIPointerUITests;
			sourceTree = "<group>";
		};
/* End PBXGroup section */

/* Begin PBXNativeTarget section */
		1AB880AD2434347B00B916DE /* testUIPointer */ = {
			isa = PBXNativeTarget;
			buildConfigurationList = 1AB880D82434347E00B916DE /* Build configuration list for PBXNativeTarget "testUIPointer" */;
			buildPhases = (
				1AB880AA2434347B00B916DE /* Sources */,
				1AB880AB2434347B00B916DE /* Frameworks */,
				1AB880AC2434347B00B916DE /* Resources */,
			);
			buildRules = (
			);
			dependencies = (
			);
			name = testUIPointer;
			productName = testUIPointer;
			productReference = 1AB880AE2434347B00B916DE /* testUIPointer.app */;
			productType = "com.apple.product-type.application";
		};
		1AB880C32434347D00B916DE /* testUIPointerTests */ = {
			isa = PBXNativeTarget;
			buildConfigurationList = 1AB880DB2434347E00B916DE /* Build configuration list for PBXNativeTarget "testUIPointerTests" */;
			buildPhases = (
				1AB880C02434347D00B916DE /* Sources */,
				1AB880C12434347D00B916DE /* Frameworks */,
				1AB880C22434347D00B916DE /* Resources */,
			);
			buildRules = (
			);
			dependencies = (
				1AB880C62434347D00B916DE /* PBXTargetDependency */,
			);
			name = testUIPointerTests;
			productName = testUIPointerTests;
			productReference = 1AB880C42434347D00B916DE /* testUIPointerTests.xctest */;
			productType = "com.apple.product-type.bundle.unit-test";
		};
		1AB880CE2434347E00B916DE /* testUIPointerUITests */ = {
			isa = PBXNativeTarget;
			buildConfigurationList = 1AB880DE2434347E00B916DE /* Build configuration list for PBXNativeTarget "testUIPointerUITests" */;
			buildPhases = (
				1AB880CB2434347E00B916DE /* Sources */,
				1AB880CC2434347E00B916DE /* Frameworks */,
				1AB880CD2434347E00B916DE /* Resources */,
			);
			buildRules = (
			);
			dependencies = (
				1AB880D12434347E00B916DE /* PBXTargetDependency */,
			);
			name = testUIPointerUITests;
			productName = testUIPointerUITests;
			productReference = 1AB880CF2434347E00B916DE /* testUIPointerUITests.xctest */;
			productType = "com.apple.product-type.bundle.ui-testing";
		};
/* End PBXNativeTarget section */

/* Begin PBXProject section */
		1AB880A62434347B00B916DE /* Project object */ = {
			isa = PBXProject;
			attributes = {
				LastSwiftUpdateCheck = 1140;
				LastUpgradeCheck = 1140;
				ORGANIZATIONNAME = "James Tang";
				TargetAttributes = {
					1AB880AD2434347B00B916DE = {
						CreatedOnToolsVersion = 11.4;
					};
					1AB880C32434347D00B916DE = {
						CreatedOnToolsVersion = 11.4;
						TestTargetID = 1AB880AD2434347B00B916DE;
					};
					1AB880CE2434347E00B916DE = {
						CreatedOnToolsVersion = 11.4;
						TestTargetID = 1AB880AD2434347B00B916DE;
					};
				};
			};
			buildConfigurationList = 1AB880A92434347B00B916DE /* Build configuration list for PBXProject "testUIPointer" */;
			compatibilityVersion = "Xcode 9.3";
			developmentRegion = en;
			hasScannedForEncodings = 0;
			knownRegions = (
				en,
				Base,
			);
			mainGroup = 1AB880A52434347B00B916DE;
			productRefGroup = 1AB880AF2434347B00B916DE /* Products */;
			projectDirPath = "";
			projectRoot = "";
			targets = (
				1AB880AD2434347B00B916DE /* testUIPointer */,
				1AB880C32434347D00B916DE /* testUIPointerTests */,
				1AB880CE2434347E00B916DE /* testUIPointerUITests */,
			);
		};
/* End PBXProject section */

/* Begin PBXResourcesBuildPhase section */
		1AB880AC2434347B00B916DE /* Resources */ = {
			isa = PBXResourcesBuildPhase;
			buildActionMask = 2147483647;
			files = (
				1AB880BE2434347D00B916DE /* LaunchScreen.storyboard in Resources */,
				1AB880BB2434347D00B916DE /* Assets.xcassets in Resources */,
				1AB880B92434347B00B916DE /* Main.storyboard in Resources */,
			);
			runOnlyForDeploymentPostprocessing = 0;
		};
		1AB880C22434347D00B916DE /* Resources */ = {
			isa = PBXResourcesBuildPhase;
			buildActionMask = 2147483647;
			files = (
			);
			runOnlyForDeploymentPostprocessing = 0;
		};
		1AB880CD2434347E00B916DE /* Resources */ = {
			isa = PBXResourcesBuildPhase;
			buildActionMask = 2147483647;
			files = (
			);
			runOnlyForDeploymentPostprocessing = 0;
		};
/* End PBXResourcesBuildPhase section */

/* Begin PBXSourcesBuildPhase section */
		1AB880AA2434347B00B916DE /* Sources */ = {
			isa = PBXSourcesBuildPhase;
			buildActionMask = 2147483647;
			files = (
				1AB880B62434347B00B916DE /* ViewController.swift in Sources */,
				1AB880B22434347B00B916DE /* AppDelegate.swift in Sources */,
				1AB880B42434347B00B916DE /* SceneDelegate.swift in Sources */,
			);
			runOnlyForDeploymentPostprocessing = 0;
		};
		1AB880C02434347D00B916DE /* Sources */ = {
			isa = PBXSourcesBuildPhase;
			buildActionMask = 2147483647;
			files = (
				1AB880C92434347D00B916DE /* testUIPointerTests.swift in Sources */,
			);
			runOnlyForDeploymentPostprocessing = 0;
		};
		1AB880CB2434347E00B916DE /* Sources */ = {
			isa = PBXSourcesBuildPhase;
			buildActionMask = 2147483647;
			files = (
				1AB880D42434347E00B916DE /* testUIPointerUITests.swift in Sources */,
			);
			runOnlyForDeploymentPostprocessing = 0;
		};
/* End PBXSourcesBuildPhase section */

/* Begin PBXTargetDependency section */
		1AB880C62434347D00B916DE /* PBXTargetDependency */ = {
			isa = PBXTargetDependency;
			target = 1AB880AD2434347B00B916DE /* testUIPointer */;
			targetProxy = 1AB880C52434347D00B916DE /* PBXContainerItemProxy */;
		};
		1AB880D12434347E00B916DE /* PBXTargetDependency */ = {
			isa = PBXTargetDependency;
			target = 1AB880AD2434347B00B916DE /* testUIPointer */;
			targetProxy = 1AB880D02434347E00B916DE /* PBXContainerItemProxy */;
		};
/* End PBXTargetDependency section */

/* Begin PBXVariantGroup section */
		1AB880B72434347B00B916DE /* Main.storyboard */ = {
			isa = PBXVariantGroup;
			children = (
				1AB880B82434347B00B916DE /* Base */,
			);
			name = Main.storyboard;
			sourceTree = "<group>";
		};
		1AB880BC2434347D00B916DE /* LaunchScreen.storyboard */ = {
			isa = PBXVariantGroup;
			children = (
				1AB880BD2434347D00B916DE /* Base */,
			);
			name = LaunchScreen.storyboard;
			sourceTree = "<group>";
		};
/* End PBXVariantGroup section */

/* Begin XCBuildConfiguration section */
		1AB880D62434347E00B916DE /* Debug */ = {
			isa = XCBuildConfiguration;
			buildSettings = {
				ALWAYS_SEARCH_USER_PATHS = NO;
				CLANG_ANALYZER_NONNULL = YES;
				CLANG_ANALYZER_NUMBER_OBJECT_CONVERSION = YES_AGGRESSIVE;
				CLANG_CXX_LANGUAGE_STANDARD = "gnu++14";
				CLANG_CXX_LIBRARY = "libc++";
				CLANG_ENABLE_MODULES = YES;
				CLANG_ENABLE_OBJC_ARC = YES;
				CLANG_ENABLE_OBJC_WEAK = YES;
				CLANG_WARN_BLOCK_CAPTURE_AUTORELEASING = YES;
				CLANG_WARN_BOOL_CONVERSION = YES;
				CLANG_WARN_COMMA = YES;
				CLANG_WARN_CONSTANT_CONVERSION = YES;
				CLANG_WARN_DEPRECATED_OBJC_IMPLEMENTATIONS = YES;
				CLANG_WARN_DIRECT_OBJC_ISA_USAGE = YES_ERROR;
				CLANG_WARN_DOCUMENTATION_COMMENTS = YES;
				CLANG_WARN_EMPTY_BODY = YES;
				CLANG_WARN_ENUM_CONVERSION = YES;
				CLANG_WARN_INFINITE_RECURSION = YES;
				CLANG_WARN_INT_CONVERSION = YES;
				CLANG_WARN_NON_LITERAL_NULL_CONVERSION = YES;
				CLANG_WARN_OBJC_IMPLICIT_RETAIN_SELF = YES;
				CLANG_WARN_OBJC_LITERAL_CONVERSION = YES;
				CLANG_WARN_OBJC_ROOT_CLASS = YES_ERROR;
				CLANG_WARN_RANGE_LOOP_ANALYSIS = YES;
				CLANG_WARN_STRICT_PROTOTYPES = YES;
				CLANG_WARN_SUSPICIOUS_MOVE = YES;
				CLANG_WARN_UNGUARDED_AVAILABILITY = YES_AGGRESSIVE;
				CLANG_WARN_UNREACHABLE_CODE = YES;
				CLANG_WARN__DUPLICATE_METHOD_MATCH = YES;
				COPY_PHASE_STRIP = NO;
				DEBUG_INFORMATION_FORMAT = dwarf;
				ENABLE_STRICT_OBJC_MSGSEND = YES;
				ENABLE_TESTABILITY = YES;
				GCC_C_LANGUAGE_STANDARD = gnu11;
				GCC_DYNAMIC_NO_PIC = NO;
				GCC_NO_COMMON_BLOCKS = YES;
				GCC_OPTIMIZATION_LEVEL = 0;
				GCC_PREPROCESSOR_DEFINITIONS = (
					"DEBUG=1",
					"$(inherited)",
				);
				GCC_WARN_64_TO_32_BIT_CONVERSION = YES;
				GCC_WARN_ABOUT_RETURN_TYPE = YES_ERROR;
				GCC_WARN_UNDECLARED_SELECTOR = YES;
				GCC_WARN_UNINITIALIZED_AUTOS = YES_AGGRESSIVE;
				GCC_WARN_UNUSED_FUNCTION = YES;
				GCC_WARN_UNUSED_VARIABLE = YES;
				IPHONEOS_DEPLOYMENT_TARGET = 13.4;
				MTL_ENABLE_DEBUG_INFO = INCLUDE_SOURCE;
				MTL_FAST_MATH = YES;
				ONLY_ACTIVE_ARCH = YES;
				SDKROOT = iphoneos;
				SWIFT_ACTIVE_COMPILATION_CONDITIONS = DEBUG;
				SWIFT_OPTIMIZATION_LEVEL = "-Onone";
			};
			name = Debug;
		};
		1AB880D72434347E00B916DE /* Release */ = {
			isa = XCBuildConfiguration;
			buildSettings = {
				ALWAYS_SEARCH_USER_PATHS = NO;
				CLANG_ANALYZER_NONNULL = YES;
				CLANG_ANALYZER_NUMBER_OBJECT_CONVERSION = YES_AGGRESSIVE;
				CLANG_CXX_LANGUAGE_STANDARD = "gnu++14";
				CLANG_CXX_LIBRARY = "libc++";
				CLANG_ENABLE_MODULES = YES;
				CLANG_ENABLE_OBJC_ARC = YES;
				CLANG_ENABLE_OBJC_WEAK = YES;
				CLANG_WARN_BLOCK_CAPTURE_AUTORELEASING = YES;
				CLANG_WARN_BOOL_CONVERSION = YES;
				CLANG_WARN_COMMA = YES;
				CLANG_WARN_CONSTANT_CONVERSION = YES;
				CLANG_WARN_DEPRECATED_OBJC_IMPLEMENTATIONS = YES;
				CLANG_WARN_DIRECT_OBJC_ISA_USAGE = YES_ERROR;
				CLANG_WARN_DOCUMENTATION_COMMENTS = YES;
				CLANG_WARN_EMPTY_BODY = YES;
				CLANG_WARN_ENUM_CONVERSION = YES;
				CLANG_WARN_INFINITE_RECURSION = YES;
				CLANG_WARN_INT_CONVERSION = YES;
				CLANG_WARN_NON_LITERAL_NULL_CONVERSION = YES;
				CLANG_WARN_OBJC_IMPLICIT_RETAIN_SELF = YES;
				CLANG_WARN_OBJC_LITERAL_CONVERSION = YES;
				CLANG_WARN_OBJC_ROOT_CLASS = YES_ERROR;
				CLANG_WARN_RANGE_LOOP_ANALYSIS = YES;
				CLANG_WARN_STRICT_PROTOTYPES = YES;
				CLANG_WARN_SUSPICIOUS_MOVE = YES;
				CLANG_WARN_UNGUARDED_AVAILABILITY = YES_AGGRESSIVE;
				CLANG_WARN_UNREACHABLE_CODE = YES;
				CLANG_WARN__DUPLICATE_METHOD_MATCH = YES;
				COPY_PHASE_STRIP = NO;
				DEBUG_INFORMATION_FORMAT = "dwarf-with-dsym";
				ENABLE_NS_ASSERTIONS = NO;
				ENABLE_STRICT_OBJC_MSGSEND = YES;
				GCC_C_LANGUAGE_STANDARD = gnu11;
				GCC_NO_COMMON_BLOCKS = YES;
				GCC_WARN_64_TO_32_BIT_CONVERSION = YES;
				GCC_WARN_ABOUT_RETURN_TYPE = YES_ERROR;
				GCC_WARN_UNDECLARED_SELECTOR = YES;
				GCC_WARN_UNINITIALIZED_AUTOS = YES_AGGRESSIVE;
				GCC_WARN_UNUSED_FUNCTION = YES;
				GCC_WARN_UNUSED_VARIABLE = YES;
				IPHONEOS_DEPLOYMENT_TARGET = 13.4;
				MTL_ENABLE_DEBUG_INFO = NO;
				MTL_FAST_MATH = YES;
				SDKROOT = iphoneos;
				SWIFT_COMPILATION_MODE = wholemodule;
				SWIFT_OPTIMIZATION_LEVEL = "-O";
				VALIDATE_PRODUCT = YES;
			};
			name = Release;
		};
		1AB880D92434347E00B916DE /* Debug */ = {
			isa = XCBuildConfiguration;
			buildSettings = {
				ASSETCATALOG_COMPILER_APPICON_NAME = AppIcon;
				CODE_SIGN_ENTITLEMENTS = testUIPointer/testUIPointer.entitlements;
				CODE_SIGN_STYLE = Automatic;
				DEVELOPMENT_TEAM = H5BVQ8XRL4;
				INFOPLIST_FILE = testUIPointer/Info.plist;
				IPHONEOS_DEPLOYMENT_TARGET = 13.3;
				LD_RUNPATH_SEARCH_PATHS = (
					"$(inherited)",
					"@executable_path/Frameworks",
				);
				PRODUCT_BUNDLE_IDENTIFIER = com.goodnotes.testUIPointer;
				PRODUCT_NAME = "$(TARGET_NAME)";
				SUPPORTS_MACCATALYST = YES;
				SWIFT_VERSION = 5.0;
				TARGETED_DEVICE_FAMILY = "1,2";
			};
			name = Debug;
		};
		1AB880DA2434347E00B916DE /* Release */ = {
			isa = XCBuildConfiguration;
			buildSettings = {
				ASSETCATALOG_COMPILER_APPICON_NAME = AppIcon;
				CODE_SIGN_ENTITLEMENTS = testUIPointer/testUIPointer.entitlements;
				CODE_SIGN_STYLE = Automatic;
				DEVELOPMENT_TEAM = H5BVQ8XRL4;
				INFOPLIST_FILE = testUIPointer/Info.plist;
				IPHONEOS_DEPLOYMENT_TARGET = 13.3;
				LD_RUNPATH_SEARCH_PATHS = (
					"$(inherited)",
					"@executable_path/Frameworks",
				);
				PRODUCT_BUNDLE_IDENTIFIER = com.goodnotes.testUIPointer;
				PRODUCT_NAME = "$(TARGET_NAME)";
				SUPPORTS_MACCATALYST = YES;
				SWIFT_VERSION = 5.0;
				TARGETED_DEVICE_FAMILY = "1,2";
			};
			name = Release;
		};
		1AB880DC2434347E00B916DE /* Debug */ = {
			isa = XCBuildConfiguration;
			buildSettings = {
				ALWAYS_EMBED_SWIFT_STANDARD_LIBRARIES = YES;
				BUNDLE_LOADER = "$(TEST_HOST)";
				CODE_SIGN_STYLE = Automatic;
				INFOPLIST_FILE = testUIPointerTests/Info.plist;
				IPHONEOS_DEPLOYMENT_TARGET = 13.4;
				LD_RUNPATH_SEARCH_PATHS = (
					"$(inherited)",
					"@executable_path/Frameworks",
					"@loader_path/Frameworks",
				);
				PRODUCT_BUNDLE_IDENTIFIER = com.goodnotes.testUIPointerTests;
				PRODUCT_NAME = "$(TARGET_NAME)";
				SWIFT_VERSION = 5.0;
				TARGETED_DEVICE_FAMILY = "1,2";
				TEST_HOST = "$(BUILT_PRODUCTS_DIR)/testUIPointer.app/testUIPointer";
			};
			name = Debug;
		};
		1AB880DD2434347E00B916DE /* Release */ = {
			isa = XCBuildConfiguration;
			buildSettings = {
				ALWAYS_EMBED_SWIFT_STANDARD_LIBRARIES = YES;
				BUNDLE_LOADER = "$(TEST_HOST)";
				CODE_SIGN_STYLE = Automatic;
				INFOPLIST_FILE = testUIPointerTests/Info.plist;
				IPHONEOS_DEPLOYMENT_TARGET = 13.4;
				LD_RUNPATH_SEARCH_PATHS = (
					"$(inherited)",
					"@executable_path/Frameworks",
					"@loader_path/Frameworks",
				);
				PRODUCT_BUNDLE_IDENTIFIER = com.goodnotes.testUIPointerTests;
				PRODUCT_NAME = "$(TARGET_NAME)";
				SWIFT_VERSION = 5.0;
				TARGETED_DEVICE_FAMILY = "1,2";
				TEST_HOST = "$(BUILT_PRODUCTS_DIR)/testUIPointer.app/testUIPointer";
			};
			name = Release;
		};
		1AB880DF2434347E00B916DE /* Debug */ = {
			isa = XCBuildConfiguration;
			buildSettings = {
				ALWAYS_EMBED_SWIFT_STANDARD_LIBRARIES = YES;
				CODE_SIGN_STYLE = Automatic;
				INFOPLIST_FILE = testUIPointerUITests/Info.plist;
				LD_RUNPATH_SEARCH_PATHS = (
					"$(inherited)",
					"@executable_path/Frameworks",
					"@loader_path/Frameworks",
				);
				PRODUCT_BUNDLE_IDENTIFIER = com.goodnotes.testUIPointerUITests;
				PRODUCT_NAME = "$(TARGET_NAME)";
				SWIFT_VERSION = 5.0;
				TARGETED_DEVICE_FAMILY = "1,2";
				TEST_TARGET_NAME = testUIPointer;
			};
			name = Debug;
		};
		1AB880E02434347E00B916DE /* Release */ = {
			isa = XCBuildConfiguration;
			buildSettings = {
				ALWAYS_EMBED_SWIFT_STANDARD_LIBRARIES = YES;
				CODE_SIGN_STYLE = Automatic;
				INFOPLIST_FILE = testUIPointerUITests/Info.plist;
				LD_RUNPATH_SEARCH_PATHS = (
					"$(inherited)",
					"@executable_path/Frameworks",
					"@loader_path/Frameworks",
				);
				PRODUCT_BUNDLE_IDENTIFIER = com.goodnotes.testUIPointerUITests;
				PRODUCT_NAME = "$(TARGET_NAME)";
				SWIFT_VERSION = 5.0;
				TARGETED_DEVICE_FAMILY = "1,2";
				TEST_TARGET_NAME = testUIPointer;
			};
			name = Release;
		};
/* End XCBuildConfiguration section */

/* Begin XCConfigurationList section */
		1AB880A92434347B00B916DE /* Build configuration list for PBXProject "testUIPointer" */ = {
			isa = XCConfigurationList;
			buildConfigurations = (
				1AB880D62434347E00B916DE /* Debug */,
				1AB880D72434347E00B916DE /* Release */,
			);
			defaultConfigurationIsVisible = 0;
			defaultConfigurationName = Release;
		};
		1AB880D82434347E00B916DE /* Build configuration list for PBXNativeTarget "testUIPointer" */ = {
			isa = XCConfigurationList;
			buildConfigurations = (
				1AB880D92434347E00B916DE /* Debug */,
				1AB880DA2434347E00B916DE /* Release */,
			);
			defaultConfigurationIsVisible = 0;
			defaultConfigurationName = Release;
		};
		1AB880DB2434347E00B916DE /* Build configuration list for PBXNativeTarget "testUIPointerTests" */ = {
			isa = XCConfigurationList;
			buildConfigurations = (
				1AB880DC2434347E00B916DE /* Debug */,
				1AB880DD2434347E00B916DE /* Release */,
			);
			defaultConfigurationIsVisible = 0;
			defaultConfigurationName = Release;
		};
		1AB880DE2434347E00B916DE /* Build configuration list for PBXNativeTarget "testUIPointerUITests" */ = {
			isa = XCConfigurationList;
			buildConfigurations = (
				1AB880DF2434347E00B916DE /* Debug */,
				1AB880E02434347E00B916DE /* Release */,
			);
			defaultConfigurationIsVisible = 0;
			defaultConfigurationName = Release;
		};
/* End XCConfigurationList section */
	};
	rootObject = 1AB880A62434347B00B916DE /* Project object */;
}
